{
  "requires": true,
  "lockfileVersion": 1,
  "dependencies": {
    "@types/es6-shim": {
      "version": "0.31.42",
      "resolved": "https://registry.npmjs.org/@types/es6-shim/-/es6-shim-0.31.42.tgz",
      "integrity": "sha512-GS3EuEgiGv/TP7bwPLOlkSiTfdSL4XHOj0jJuvz4/UbR89QrC4Py3lYlMlH/7w0dKfJ8fIori0rVIl2gQ7lb5A=="
    },
    "rxjs": {
      "version": "7.4.0",
      "resolved": "https://registry.npmjs.org/rxjs/-/rxjs-7.4.0.tgz",
      "integrity": "sha512-7SQDi7xeTMCJpqViXh8gL/lebcwlp3d831F05+9B44A4B0WfsEwUQHR64gsH1kvJ+Ep/J9K2+n1hVl1CsGN23w==",
      "requires": {
        "tslib": "~2.1.0"
      }
    },
    "tslib": {
      "version": "2.1.0",
      "resolved": "https://registry.npmjs.org/tslib/-/tslib-2.1.0.tgz",
      "integrity": "sha512-hcVC3wYEziELGGmEEXue7D75zbwIIVUMWAVbHItGPx0ziyXxrOMQx4rQEVEV45Ut/1IotuEvwqPopzIOkDMf0A=="
    }
  }
}
